
Microsoft Visual Studio Solution File, Format Version 11.00
# Visual Studio 2010
Project("{FAE04EC0-301F-11D3-BF4B-00C04F79EFBC}") = "Bo Sheep", "Assembly-CSharp.csproj", "{28665E70-286F-0FD0-3FF6-855DEBF2A27E}"
EndProject
Project("{FAE04EC0-301F-11D3-BF4B-00C04F79EFBC}") = "Bo Sheep", "Assembly-CSharp-Editor.csproj", "{488F4548-E46B-DEC3-43A6-BA7896266AAB}"
EndProject
Global
	GlobalSection(SolutionConfigurationPlatforms) = preSolution
		Debug|Any CPU = Debug|Any CPU
		Release|Any CPU = Release|Any CPU
	EndGlobalSection
	GlobalSection(ProjectConfigurationPlatforms) = postSolution
		{28665E70-286F-0FD0-3FF6-855DEBF2A27E}.Debug|Any CPU.ActiveCfg = Debug|Any CPU
		{28665E70-286F-0FD0-3FF6-855DEBF2A27E}.Debug|Any CPU.Build.0 = Debug|Any CPU
		{28665E70-286F-0FD0-3FF6-855DEBF2A27E}.Release|Any CPU.ActiveCfg = Release|Any CPU
		{28665E70-286F-0FD0-3FF6-855DEBF2A27E}.Release|Any CPU.Build.0 = Release|Any CPU
		{488F4548-E46B-DEC3-43A6-BA7896266AAB}.Debug|Any CPU.ActiveCfg = Debug|Any CPU
		{488F4548-E46B-DEC3-43A6-BA7896266AAB}.Debug|Any CPU.Build.0 = Debug|Any CPU
		{488F4548-E46B-DEC3-43A6-BA7896266AAB}.Release|Any CPU.ActiveCfg = Release|Any CPU
		{488F4548-E46B-DEC3-43A6-BA7896266AAB}.Release|Any CPU.Build.0 = Release|Any CPU
	EndGlobalSection
	GlobalSection(SolutionProperties) = preSolution
		HideSolutionNode = FALSE
	EndGlobalSection
	GlobalSection(MonoDevelopProperties) = preSolution
		StartupItem = Assembly-CSharp.csproj
	EndGlobalSection
EndGlobal
